
Microsoft Visual Studio Solution File, Format Version 12.00
# Visual Studio Version 17
VisualStudioVersion = 17.9.34723.18
MinimumVisualStudioVersion = 10.0.40219.1
Project("{FAE04EC0-301F-11D3-BF4B-00C04F79EFBC}") = "NLayer.Core", "NLayer.Core\NLayer.Core.csproj", "{8F74C3EA-9F4C-4CAF-B7BA-1752E7F39391}"
EndProject
Project("{FAE04EC0-301F-11D3-BF4B-00C04F79EFBC}") = "NLayer.Repository", "NLayer.Repository\NLayer.Repository.csproj", "{4CA6DF81-C649-48F7-838C-560DC028B93F}"
EndProject
Project("{FAE04EC0-301F-11D3-BF4B-00C04F79EFBC}") = "NLayer.Service", "NLayer.Service\NLayer.Service.csproj", "{1EA90819-8710-4EB4-82C4-BE4DE42DFCE0}"
EndProject
Project("{FAE04EC0-301F-11D3-BF4B-00C04F79EFBC}") = "NLayer.API", "NLayer.API\NLayer.API.csproj", "{2230FBFC-3F83-4930-9753-60D92E6E18B9}"
EndProject
Project("{FAE04EC0-301F-11D3-BF4B-00C04F79EFBC}") = "NLayer.Caching", "NLayer.Caching\NLayer.Caching.csproj", "{5687CC41-7826-4FF7-9FF9-1CD5C97C27B2}"
EndProject
Global
	GlobalSection(SolutionConfigurationPlatforms) = preSolution
		Debug|Any CPU = Debug|Any CPU
		Release|Any CPU = Release|Any CPU
	EndGlobalSection
	GlobalSection(ProjectConfigurationPlatforms) = postSolution
		{8F74C3EA-9F4C-4CAF-B7BA-1752E7F39391}.Debug|Any CPU.ActiveCfg = Debug|Any CPU
		{8F74C3EA-9F4C-4CAF-B7BA-1752E7F39391}.Debug|Any CPU.Build.0 = Debug|Any CPU
		{8F74C3EA-9F4C-4CAF-B7BA-1752E7F39391}.Release|Any CPU.ActiveCfg = Release|Any CPU
		{8F74C3EA-9F4C-4CAF-B7BA-1752E7F39391}.Release|Any CPU.Build.0 = Release|Any CPU
		{4CA6DF81-C649-48F7-838C-560DC028B93F}.Debug|Any CPU.ActiveCfg = Debug|Any CPU
		{4CA6DF81-C649-48F7-838C-560DC028B93F}.Debug|Any CPU.Build.0 = Debug|Any CPU
		{4CA6DF81-C649-48F7-838C-560DC028B93F}.Release|Any CPU.ActiveCfg = Release|Any CPU
		{4CA6DF81-C649-48F7-838C-560DC028B93F}.Release|Any CPU.Build.0 = Release|Any CPU
		{1EA90819-8710-4EB4-82C4-BE4DE42DFCE0}.Debug|Any CPU.ActiveCfg = Debug|Any CPU
		{1EA90819-8710-4EB4-82C4-BE4DE42DFCE0}.Debug|Any CPU.Build.0 = Debug|Any CPU
		{1EA90819-8710-4EB4-82C4-BE4DE42DFCE0}.Release|Any CPU.ActiveCfg = Release|Any CPU
		{1EA90819-8710-4EB4-82C4-BE4DE42DFCE0}.Release|Any CPU.Build.0 = Release|Any CPU
		{2230FBFC-3F83-4930-9753-60D92E6E18B9}.Debug|Any CPU.ActiveCfg = Debug|Any CPU
		{2230FBFC-3F83-4930-9753-60D92E6E18B9}.Debug|Any CPU.Build.0 = Debug|Any CPU
		{2230FBFC-3F83-4930-9753-60D92E6E18B9}.Release|Any CPU.ActiveCfg = Release|Any CPU
		{2230FBFC-3F83-4930-9753-60D92E6E18B9}.Release|Any CPU.Build.0 = Release|Any CPU
		{5687CC41-7826-4FF7-9FF9-1CD5C97C27B2}.Debug|Any CPU.ActiveCfg = Debug|Any CPU
		{5687CC41-7826-4FF7-9FF9-1CD5C97C27B2}.Debug|Any CPU.Build.0 = Debug|Any CPU
		{5687CC41-7826-4FF7-9FF9-1CD5C97C27B2}.Release|Any CPU.ActiveCfg = Release|Any CPU
		{5687CC41-7826-4FF7-9FF9-1CD5C97C27B2}.Release|Any CPU.Build.0 = Release|Any CPU
	EndGlobalSection
	GlobalSection(SolutionProperties) = preSolution
		HideSolutionNode = FALSE
	EndGlobalSection
	GlobalSection(ExtensibilityGlobals) = postSolution
		SolutionGuid = {D5DCAC10-3A2F-4883-8D7C-38E3900FEB42}
	EndGlobalSection
EndGlobal
